// !$*UTF8*$!
{
	archiveVersion = 1;
	classes = {
	};
	objectVersion = 55;
	objects = {

/* Begin PBXBuildFile section */
		F816DAD12718B0C000D3BC37 /* TableItemCell.swift in Sources */ = {isa = PBXBuildFile; fileRef = F816DAD02718B0C000D3BC37 /* TableItemCell.swift */; };
		F816DAD52719619800D3BC37 /* TableItemCellSwitcher.swift in Sources */ = {isa = PBXBuildFile; fileRef = F816DAD42719619800D3BC37 /* TableItemCellSwitcher.swift */; };
		F816DAD727196E5700D3BC37 /* TableItemCellDescription.swift in Sources */ = {isa = PBXBuildFile; fileRef = F816DAD627196E5700D3BC37 /* TableItemCellDescription.swift */; };
		F874174E271824AE00D444C8 /* TableController.swift in Sources */ = {isa = PBXBuildFile; fileRef = F874174D271824AE00D444C8 /* TableController.swift */; };
		F8F4B480271806F600F2A7CF /* AppDelegate.swift in Sources */ = {isa = PBXBuildFile; fileRef = F8F4B47F271806F600F2A7CF /* AppDelegate.swift */; };
		F8F4B484271806F600F2A7CF /* ViewController.swift in Sources */ = {isa = PBXBuildFile; fileRef = F8F4B483271806F600F2A7CF /* ViewController.swift */; };
		F8F4B487271806F600F2A7CF /* Main.storyboard in Resources */ = {isa = PBXBuildFile; fileRef = F8F4B485271806F600F2A7CF /* Main.storyboard */; };
		F8F4B489271806F800F2A7CF /* Assets.xcassets in Resources */ = {isa = PBXBuildFile; fileRef = F8F4B488271806F800F2A7CF /* Assets.xcassets */; };
		F8F4B48C271806F800F2A7CF /* LaunchScreen.storyboard in Resources */ = {isa = PBXBuildFile; fileRef = F8F4B48A271806F800F2A7CF /* LaunchScreen.storyboard */; };
/* End PBXBuildFile section */

/* Begin PBXFileReference section */
		F816DAD02718B0C000D3BC37 /* TableItemCell.swift */ = {isa = PBXFileReference; lastKnownFileType = sourcecode.swift; path = TableItemCell.swift; sourceTree = "<group>"; };
		F816DAD42719619800D3BC37 /* TableItemCellSwitcher.swift */ = {isa = PBXFileReference; lastKnownFileType = sourcecode.swift; path = TableItemCellSwitcher.swift; sourceTree = "<group>"; };
		F816DAD627196E5700D3BC37 /* TableItemCellDescription.swift */ = {isa = PBXFileReference; lastKnownFileType = sourcecode.swift; path = TableItemCellDescription.swift; sourceTree = "<group>"; };
		F874174D271824AE00D444C8 /* TableController.swift */ = {isa = PBXFileReference; lastKnownFileType = sourcecode.swift; path = TableController.swift; sourceTree = "<group>"; };
		F8F4B47C271806F600F2A7CF /* HomeWorkTable.app */ = {isa = PBXFileReference; explicitFileType = wrapper.application; includeInIndex = 0; path = HomeWorkTable.app; sourceTree = BUILT_PRODUCTS_DIR; };
		F8F4B47F271806F600F2A7CF /* AppDelegate.swift */ = {isa = PBXFileReference; lastKnownFileType = sourcecode.swift; path = AppDelegate.swift; sourceTree = "<group>"; };
		F8F4B483271806F600F2A7CF /* ViewController.swift */ = {isa = PBXFileReference; lastKnownFileType = sourcecode.swift; path = ViewController.swift; sourceTree = "<group>"; };
		F8F4B486271806F600F2A7CF /* Base */ = {isa = PBXFileReference; lastKnownFileType = file.storyboard; name = Base; path = Base.lproj/Main.storyboard; sourceTree = "<group>"; };
		F8F4B488271806F800F2A7CF /* Assets.xcassets */ = {isa = PBXFileReference; lastKnownFileType = folder.assetcatalog; path = Assets.xcassets; sourceTree = "<group>"; };
		F8F4B48B271806F800F2A7CF /* Base */ = {isa = PBXFileReference; lastKnownFileType = file.storyboard; name = Base; path = Base.lproj/LaunchScreen.storyboard; sourceTree = "<group>"; };
		F8F4B48D271806F800F2A7CF /* Info.plist */ = {isa = PBXFileReference; lastKnownFileType = text.plist.xml; path = Info.plist; sourceTree = "<group>"; };
/* End PBXFileReference section */

/* Begin PBXFrameworksBuildPhase section */
		F8F4B479271806F600F2A7CF /* Frameworks */ = {
			isa = PBXFrameworksBuildPhase;
			buildActionMask = 2147483647;
			files = (
			);
			runOnlyForDeploymentPostprocessing = 0;
		};
/* End PBXFrameworksBuildPhase section */

/* Begin PBXGroup section */
		F816DACD2718AB3E00D3BC37 /* TableItems */ = {
			isa = PBXGroup;
			children = (
				F816DAD02718B0C000D3BC37 /* TableItemCell.swift */,
				F816DAD42719619800D3BC37 /* TableItemCellSwitcher.swift */,
				F816DAD627196E5700D3BC37 /* TableItemCellDescription.swift */,
			);
			path = TableItems;
			sourceTree = "<group>";
		};
		F8F4B473271806F500F2A7CF = {
			isa = PBXGroup;
			children = (
				F8F4B47E271806F600F2A7CF /* HomeWorkTable */,
				F8F4B47D271806F600F2A7CF /* Products */,
			);
			sourceTree = "<group>";
		};
		F8F4B47D271806F600F2A7CF /* Products */ = {
			isa = PBXGroup;
			children = (
				F8F4B47C271806F600F2A7CF /* HomeWorkTable.app */,
			);
			name = Products;
			sourceTree = "<group>";
		};
		F8F4B47E271806F600F2A7CF /* HomeWorkTable */ = {
			isa = PBXGroup;
			children = (
				F816DACD2718AB3E00D3BC37 /* TableItems */,
				F8F4B47F271806F600F2A7CF /* AppDelegate.swift */,
				F8F4B483271806F600F2A7CF /* ViewController.swift */,
				F8F4B485271806F600F2A7CF /* Main.storyboard */,
				F8F4B488271806F800F2A7CF /* Assets.xcassets */,
				F8F4B48A271806F800F2A7CF /* LaunchScreen.storyboard */,
				F8F4B48D271806F800F2A7CF /* Info.plist */,
				F874174D271824AE00D444C8 /* TableController.swift */,
			);
			path = HomeWorkTable;
			sourceTree = "<group>";
		};
/* End PBXGroup section */

/* Begin PBXNativeTarget section */
		F8F4B47B271806F600F2A7CF /* HomeWorkTable */ = {
			isa = PBXNativeTarget;
			buildConfigurationList = F8F4B490271806F800F2A7CF /* Build configuration list for PBXNativeTarget "HomeWorkTable" */;
			buildPhases = (
				F8F4B478271806F600F2A7CF /* Sources */,
				F8F4B479271806F600F2A7CF /* Frameworks */,
				F8F4B47A271806F600F2A7CF /* Resources */,
			);
			buildRules = (
			);
			dependencies = (
			);
			name = HomeWorkTable;
			productName = HomeWorkTable;
			productReference = F8F4B47C271806F600F2A7CF /* HomeWorkTable.app */;
			productType = "com.apple.product-type.application";
		};
/* End PBXNativeTarget section */

/* Begin PBXProject section */
		F8F4B474271806F500F2A7CF /* Project object */ = {
			isa = PBXProject;
			attributes = {
				BuildIndependentTargetsInParallel = 1;
				LastSwiftUpdateCheck = 1300;
				LastUpgradeCheck = 1300;
				TargetAttributes = {
					F8F4B47B271806F600F2A7CF = {
						CreatedOnToolsVersion = 13.0;
					};
				};
			};
			buildConfigurationList = F8F4B477271806F500F2A7CF /* Build configuration list for PBXProject "HomeWorkTable" */;
			compatibilityVersion = "Xcode 13.0";
			developmentRegion = en;
			hasScannedForEncodings = 0;
			knownRegions = (
				en,
				Base,
			);
			mainGroup = F8F4B473271806F500F2A7CF;
			productRefGroup = F8F4B47D271806F600F2A7CF /* Products */;
			projectDirPath = "";
			projectRoot = "";
			targets = (
				F8F4B47B271806F600F2A7CF /* HomeWorkTable */,
			);
		};
/* End PBXProject section */

/* Begin PBXResourcesBuildPhase section */
		F8F4B47A271806F600F2A7CF /* Resources */ = {
			isa = PBXResourcesBuildPhase;
			buildActionMask = 2147483647;
			files = (
				F8F4B48C271806F800F2A7CF /* LaunchScreen.storyboard in Resources */,
				F8F4B489271806F800F2A7CF /* Assets.xcassets in Resources */,
				F8F4B487271806F600F2A7CF /* Main.storyboard in Resources */,
			);
			runOnlyForDeploymentPostprocessing = 0;
		};
/* End PBXResourcesBuildPhase section */

/* Begin PBXSourcesBuildPhase section */
		F8F4B478271806F600F2A7CF /* Sources */ = {
			isa = PBXSourcesBuildPhase;
			buildActionMask = 2147483647;
			files = (
				F874174E271824AE00D444C8 /* TableController.swift in Sources */,
				F816DAD12718B0C000D3BC37 /* TableItemCell.swift in Sources */,
				F816DAD727196E5700D3BC37 /* TableItemCellDescription.swift in Sources */,
				F8F4B484271806F600F2A7CF /* ViewController.swift in Sources */,
				F816DAD52719619800D3BC37 /* TableItemCellSwitcher.swift in Sources */,
				F8F4B480271806F600F2A7CF /* AppDelegate.swift in Sources */,
			);
			runOnlyForDeploymentPostprocessing = 0;
		};
/* End PBXSourcesBuildPhase section */

/* Begin PBXVariantGroup section */
		F8F4B485271806F600F2A7CF /* Main.storyboard */ = {
			isa = PBXVariantGroup;
			children = (
				F8F4B486271806F600F2A7CF /* Base */,
			);
			name = Main.storyboard;
			sourceTree = "<group>";
		};
		F8F4B48A271806F800F2A7CF /* LaunchScreen.storyboard */ = {
			isa = PBXVariantGroup;
			children = (
				F8F4B48B271806F800F2A7CF /* Base */,
			);
			name = LaunchScreen.storyboard;
			sourceTree = "<group>";
		};
/* End PBXVariantGroup section */

/* Begin XCBuildConfiguration section */
		F8F4B48E271806F800F2A7CF /* Debug */ = {
			isa = XCBuildConfiguration;
			buildSettings = {
				ALWAYS_SEARCH_USER_PATHS = NO;
				CLANG_ANALYZER_NONNULL = YES;
				CLANG_ANALYZER_NUMBER_OBJECT_CONVERSION = YES_AGGRESSIVE;
				CLANG_CXX_LANGUAGE_STANDARD = "gnu++17";
				CLANG_CXX_LIBRARY = "libc++";
				CLANG_ENABLE_MODULES = YES;
				CLANG_ENABLE_OBJC_ARC = YES;
				CLANG_ENABLE_OBJC_WEAK = YES;
				CLANG_WARN_BLOCK_CAPTURE_AUTORELEASING = YES;
				CLANG_WARN_BOOL_CONVERSION = YES;
				CLANG_WARN_COMMA = YES;
				CLANG_WARN_CONSTANT_CONVERSION = YES;
				CLANG_WARN_DEPRECATED_OBJC_IMPLEMENTATIONS = YES;
				CLANG_WARN_DIRECT_OBJC_ISA_USAGE = YES_ERROR;
				CLANG_WARN_DOCUMENTATION_COMMENTS = YES;
				CLANG_WARN_EMPTY_BODY = YES;
				CLANG_WARN_ENUM_CONVERSION = YES;
				CLANG_WARN_INFINITE_RECURSION = YES;
				CLANG_WARN_INT_CONVERSION = YES;
				CLANG_WARN_NON_LITERAL_NULL_CONVERSION = YES;
				CLANG_WARN_OBJC_IMPLICIT_RETAIN_SELF = YES;
				CLANG_WARN_OBJC_LITERAL_CONVERSION = YES;
				CLANG_WARN_OBJC_ROOT_CLASS = YES_ERROR;
				CLANG_WARN_QUOTED_INCLUDE_IN_FRAMEWORK_HEADER = YES;
				CLANG_WARN_RANGE_LOOP_ANALYSIS = YES;
				CLANG_WARN_STRICT_PROTOTYPES = YES;
				CLANG_WARN_SUSPICIOUS_MOVE = YES;
				CLANG_WARN_UNGUARDED_AVAILABILITY = YES_AGGRESSIVE;
				CLANG_WARN_UNREACHABLE_CODE = YES;
				CLANG_WARN__DUPLICATE_METHOD_MATCH = YES;
				COPY_PHASE_STRIP = NO;
				DEBUG_INFORMATION_FORMAT = dwarf;
				ENABLE_STRICT_OBJC_MSGSEND = YES;
				ENABLE_TESTABILITY = YES;
				GCC_C_LANGUAGE_STANDARD = gnu11;
				GCC_DYNAMIC_NO_PIC = NO;
				GCC_NO_COMMON_BLOCKS = YES;
				GCC_OPTIMIZATION_LEVEL = 0;
				GCC_PREPROCESSOR_DEFINITIONS = (
					"DEBUG=1",
					"$(inherited)",
				);
				GCC_WARN_64_TO_32_BIT_CONVERSION = YES;
				GCC_WARN_ABOUT_RETURN_TYPE = YES_ERROR;
				GCC_WARN_UNDECLARED_SELECTOR = YES;
				GCC_WARN_UNINITIALIZED_AUTOS = YES_AGGRESSIVE;
				GCC_WARN_UNUSED_FUNCTION = YES;
				GCC_WARN_UNUSED_VARIABLE = YES;
				IPHONEOS_DEPLOYMENT_TARGET = 15.0;
				MTL_ENABLE_DEBUG_INFO = INCLUDE_SOURCE;
				MTL_FAST_MATH = YES;
				ONLY_ACTIVE_ARCH = YES;
				SDKROOT = iphoneos;
				SWIFT_ACTIVE_COMPILATION_CONDITIONS = DEBUG;
				SWIFT_OPTIMIZATION_LEVEL = "-Onone";
			};
			name = Debug;
		};
		F8F4B48F271806F800F2A7CF /* Release */ = {
			isa = XCBuildConfiguration;
			buildSettings = {
				ALWAYS_SEARCH_USER_PATHS = NO;
				CLANG_ANALYZER_NONNULL = YES;
				CLANG_ANALYZER_NUMBER_OBJECT_CONVERSION = YES_AGGRESSIVE;
				CLANG_CXX_LANGUAGE_STANDARD = "gnu++17";
				CLANG_CXX_LIBRARY = "libc++";
				CLANG_ENABLE_MODULES = YES;
				CLANG_ENABLE_OBJC_ARC = YES;
				CLANG_ENABLE_OBJC_WEAK = YES;
				CLANG_WARN_BLOCK_CAPTURE_AUTORELEASING = YES;
				CLANG_WARN_BOOL_CONVERSION = YES;
				CLANG_WARN_COMMA = YES;
				CLANG_WARN_CONSTANT_CONVERSION = YES;
				CLANG_WARN_DEPRECATED_OBJC_IMPLEMENTATIONS = YES;
				CLANG_WARN_DIRECT_OBJC_ISA_USAGE = YES_ERROR;
				CLANG_WARN_DOCUMENTATION_COMMENTS = YES;
				CLANG_WARN_EMPTY_BODY = YES;
				CLANG_WARN_ENUM_CONVERSION = YES;
				CLANG_WARN_INFINITE_RECURSION = YES;
				CLANG_WARN_INT_CONVERSION = YES;
				CLANG_WARN_NON_LITERAL_NULL_CONVERSION = YES;
				CLANG_WARN_OBJC_IMPLICIT_RETAIN_SELF = YES;
				CLANG_WARN_OBJC_LITERAL_CONVERSION = YES;
				CLANG_WARN_OBJC_ROOT_CLASS = YES_ERROR;
				CLANG_WARN_QUOTED_INCLUDE_IN_FRAMEWORK_HEADER = YES;
				CLANG_WARN_RANGE_LOOP_ANALYSIS = YES;
				CLANG_WARN_STRICT_PROTOTYPES = YES;
				CLANG_WARN_SUSPICIOUS_MOVE = YES;
				CLANG_WARN_UNGUARDED_AVAILABILITY = YES_AGGRESSIVE;
				CLANG_WARN_UNREACHABLE_CODE = YES;
				CLANG_WARN__DUPLICATE_METHOD_MATCH = YES;
				COPY_PHASE_STRIP = NO;
				DEBUG_INFORMATION_FORMAT = "dwarf-with-dsym";
				ENABLE_NS_ASSERTIONS = NO;
				ENABLE_STRICT_OBJC_MSGSEND = YES;
				GCC_C_LANGUAGE_STANDARD = gnu11;
				GCC_NO_COMMON_BLOCKS = YES;
				GCC_WARN_64_TO_32_BIT_CONVERSION = YES;
				GCC_WARN_ABOUT_RETURN_TYPE = YES_ERROR;
				GCC_WARN_UNDECLARED_SELECTOR = YES;
				GCC_WARN_UNINITIALIZED_AUTOS = YES_AGGRESSIVE;
				GCC_WARN_UNUSED_FUNCTION = YES;
				GCC_WARN_UNUSED_VARIABLE = YES;
				IPHONEOS_DEPLOYMENT_TARGET = 15.0;
				MTL_ENABLE_DEBUG_INFO = NO;
				MTL_FAST_MATH = YES;
				SDKROOT = iphoneos;
				SWIFT_COMPILATION_MODE = wholemodule;
				SWIFT_OPTIMIZATION_LEVEL = "-O";
				VALIDATE_PRODUCT = YES;
			};
			name = Release;
		};
		F8F4B491271806F800F2A7CF /* Debug */ = {
			isa = XCBuildConfiguration;
			buildSettings = {
				ASSETCATALOG_COMPILER_APPICON_NAME = AppIcon;
				ASSETCATALOG_COMPILER_GLOBAL_ACCENT_COLOR_NAME = AccentColor;
				CODE_SIGN_STYLE = Automatic;
				CURRENT_PROJECT_VERSION = 1;
				DEVELOPMENT_TEAM = 8R6U7LPYDY;
				GENERATE_INFOPLIST_FILE = YES;
				INFOPLIST_FILE = HomeWorkTable/Info.plist;
				INFOPLIST_KEY_UIApplicationSupportsIndirectInputEvents = YES;
				INFOPLIST_KEY_UILaunchStoryboardName = LaunchScreen;
				INFOPLIST_KEY_UIMainStoryboardFile = Main;
				INFOPLIST_KEY_UIRequiresFullScreen = NO;
				INFOPLIST_KEY_UISupportedInterfaceOrientations_iPad = "UIInterfaceOrientationPortrait UIInterfaceOrientationPortraitUpsideDown UIInterfaceOrientationLandscapeLeft UIInterfaceOrientationLandscapeRight";
				INFOPLIST_KEY_UISupportedInterfaceOrientations_iPhone = "UIInterfaceOrientationPortrait UIInterfaceOrientationLandscapeLeft UIInterfaceOrientationLandscapeRight";
				IPHONEOS_DEPLOYMENT_TARGET = 15.0;
				LD_RUNPATH_SEARCH_PATHS = (
					"$(inherited)",
					"@executable_path/Frameworks",
				);
				MARKETING_VERSION = 1.0;
				PRODUCT_BUNDLE_IDENTIFIER = com.my.HomeWorkTable;
				PRODUCT_NAME = "$(TARGET_NAME)";
				SWIFT_EMIT_LOC_STRINGS = YES;
				SWIFT_VERSION = 5.0;
				TARGETED_DEVICE_FAMILY = "1,2";
			};
			name = Debug;
		};
		F8F4B492271806F800F2A7CF /* Release */ = {
			isa = XCBuildConfiguration;
			buildSettings = {
				ASSETCATALOG_COMPILER_APPICON_NAME = AppIcon;
				ASSETCATALOG_COMPILER_GLOBAL_ACCENT_COLOR_NAME = AccentColor;
				CODE_SIGN_STYLE = Automatic;
				CURRENT_PROJECT_VERSION = 1;
				DEVELOPMENT_TEAM = 8R6U7LPYDY;
				GENERATE_INFOPLIST_FILE = YES;
				INFOPLIST_FILE = HomeWorkTable/Info.plist;
				INFOPLIST_KEY_UIApplicationSupportsIndirectInputEvents = YES;
				INFOPLIST_KEY_UILaunchStoryboardName = LaunchScreen;
				INFOPLIST_KEY_UIMainStoryboardFile = Main;
				INFOPLIST_KEY_UIRequiresFullScreen = NO;
				INFOPLIST_KEY_UISupportedInterfaceOrientations_iPad = "UIInterfaceOrientationPortrait UIInterfaceOrientationPortraitUpsideDown UIInterfaceOrientationLandscapeLeft UIInterfaceOrientationLandscapeRight";
				INFOPLIST_KEY_UISupportedInterfaceOrientations_iPhone = "UIInterfaceOrientationPortrait UIInterfaceOrientationLandscapeLeft UIInterfaceOrientationLandscapeRight";
				IPHONEOS_DEPLOYMENT_TARGET = 15.0;
				LD_RUNPATH_SEARCH_PATHS = (
					"$(inherited)",
					"@executable_path/Frameworks",
				);
				MARKETING_VERSION = 1.0;
				PRODUCT_BUNDLE_IDENTIFIER = com.my.HomeWorkTable;
				PRODUCT_NAME = "$(TARGET_NAME)";
				SWIFT_EMIT_LOC_STRINGS = YES;
				SWIFT_VERSION = 5.0;
				TARGETED_DEVICE_FAMILY = "1,2";
			};
			name = Release;
		};
/* End XCBuildConfiguration section */

/* Begin XCConfigurationList section */
		F8F4B477271806F500F2A7CF /* Build configuration list for PBXProject "HomeWorkTable" */ = {
			isa = XCConfigurationList;
			buildConfigurations = (
				F8F4B48E271806F800F2A7CF /* Debug */,
				F8F4B48F271806F800F2A7CF /* Release */,
			);
			defaultConfigurationIsVisible = 0;
			defaultConfigurationName = Release;
		};
		F8F4B490271806F800F2A7CF /* Build configuration list for PBXNativeTarget "HomeWorkTable" */ = {
			isa = XCConfigurationList;
			buildConfigurations = (
				F8F4B491271806F800F2A7CF /* Debug */,
				F8F4B492271806F800F2A7CF /* Release */,
			);
			defaultConfigurationIsVisible = 0;
			defaultConfigurationName = Release;
		};
/* End XCConfigurationList section */
	};
	rootObject = F8F4B474271806F500F2A7CF /* Project object */;
}
